{
  "name": "@gameboystudio/forge",
  "version": "0.1.0",
  "lockfileVersion": 3,
  "requires": true,
  "packages": {
    "": {
      "name": "@gameboystudio/forge",
      "version": "0.1.0",
      "dependencies": {
        "@gameboystudio/sdk": "file:../sdk"
      },
      "bin": {
        "forge": "bin/forge.mjs"
      }
    },
    "../sdk": {
      "name": "@gameboystudio/sdk",
      "version": "1.0.0",
      "license": "UNLICENSED",
      "dependencies": {
        "esbuild": "^0.25.0"
      },
      "bin": {
        "gbs": "bin/gbs.mjs"
      }
    },
    "node_modules/@gameboystudio/sdk": {
      "resolved": "../sdk",
      "link": true
    }
  }
}
